
Microsoft Visual Studio Solution File, Format Version 12.00
# Visual Studio 15
VisualStudioVersion = 15.0.28307.757
MinimumVisualStudioVersion = 10.0.40219.1
Project("{FAE04EC0-301F-11D3-BF4B-00C04F79EFBC}") = "GitExample", "GitExample.csproj", "{7633BF34-6CAB-466B-9EC7-03848AC6E297}"
EndProject
Global
	GlobalSection(SolutionConfigurationPlatforms) = preSolution
		Debug|Any CPU = Debug|Any CPU
		Release|Any CPU = Release|Any CPU
	EndGlobalSection
	GlobalSection(ProjectConfigurationPlatforms) = postSolution
		{7633BF34-6CAB-466B-9EC7-03848AC6E297}.Debug|Any CPU.ActiveCfg = Debug|Any CPU
		{7633BF34-6CAB-466B-9EC7-03848AC6E297}.Debug|Any CPU.Build.0 = Debug|Any CPU
		{7633BF34-6CAB-466B-9EC7-03848AC6E297}.Release|Any CPU.ActiveCfg = Release|Any CPU
		{7633BF34-6CAB-466B-9EC7-03848AC6E297}.Release|Any CPU.Build.0 = Release|Any CPU
	EndGlobalSection
	GlobalSection(SolutionProperties) = preSolution
		HideSolutionNode = FALSE
	EndGlobalSection
	GlobalSection(ExtensibilityGlobals) = postSolution
		SolutionGuid = {B7EFFF1A-F72B-43A7-ACEF-8EEE081C1CF0}
	EndGlobalSection
EndGlobal
